// !$*UTF8*$!
{
	archiveVersion = 1;
	classes = {
	};
	objectVersion = 50;
	objects = {

/* Begin PBXBuildFile section */
		BD33419E257601960048E5B2 /* AppDelegate.swift in Sources */ = {isa = PBXBuildFile; fileRef = BD33419D257601960048E5B2 /* AppDelegate.swift */; };
		BD3341A0257601960048E5B2 /* SceneDelegate.swift in Sources */ = {isa = PBXBuildFile; fileRef = BD33419F257601960048E5B2 /* SceneDelegate.swift */; };
		BD3341A2257601960048E5B2 /* ViewController.swift in Sources */ = {isa = PBXBuildFile; fileRef = BD3341A1257601960048E5B2 /* ViewController.swift */; };
		BD3341A5257601960048E5B2 /* Main.storyboard in Resources */ = {isa = PBXBuildFile; fileRef = BD3341A3257601960048E5B2 /* Main.storyboard */; };
		BD3341A8257601960048E5B2 /* testing1.xcdatamodeld in Sources */ = {isa = PBXBuildFile; fileRef = BD3341A6257601960048E5B2 /* testing1.xcdatamodeld */; };
		BD3341AA257601980048E5B2 /* Assets.xcassets in Resources */ = {isa = PBXBuildFile; fileRef = BD3341A9257601980048E5B2 /* Assets.xcassets */; };
		BD3341AD257601980048E5B2 /* LaunchScreen.storyboard in Resources */ = {isa = PBXBuildFile; fileRef = BD3341AB257601980048E5B2 /* LaunchScreen.storyboard */; };
/* End PBXBuildFile section */

/* Begin PBXContainerItemProxy section */
		BD3341B4257601980048E5B2 /* PBXContainerItemProxy */ = {
			isa = PBXContainerItemProxy;
			containerPortal = BD334192257601960048E5B2 /* Project object */;
			proxyType = 1;
			remoteGlobalIDString = BD334199257601960048E5B2;
			remoteInfo = testing1;
		};
		BD3341BF257601980048E5B2 /* PBXContainerItemProxy */ = {
			isa = PBXContainerItemProxy;
			containerPortal = BD334192257601960048E5B2 /* Project object */;
			proxyType = 1;
			remoteGlobalIDString = BD334199257601960048E5B2;
			remoteInfo = testing1;
		};
/* End PBXContainerItemProxy section */

/* Begin PBXFileReference section */
		BD33419A257601960048E5B2 /* testing1.app */ = {isa = PBXFileReference; explicitFileType = wrapper.application; includeInIndex = 0; path = testing1.app; sourceTree = BUILT_PRODUCTS_DIR; };
		BD33419D257601960048E5B2 /* AppDelegate.swift */ = {isa = PBXFileReference; lastKnownFileType = sourcecode.swift; path = AppDelegate.swift; sourceTree = "<group>"; };
		BD33419F257601960048E5B2 /* SceneDelegate.swift */ = {isa = PBXFileReference; lastKnownFileType = sourcecode.swift; path = SceneDelegate.swift; sourceTree = "<group>"; };
		BD3341A1257601960048E5B2 /* ViewController.swift */ = {isa = PBXFileReference; lastKnownFileType = sourcecode.swift; path = ViewController.swift; sourceTree = "<group>"; };
		BD3341A4257601960048E5B2 /* Base */ = {isa = PBXFileReference; lastKnownFileType = file.storyboard; name = Base; path = Base.lproj/Main.storyboard; sourceTree = "<group>"; };
		BD3341A7257601960048E5B2 /* testing1.xcdatamodel */ = {isa = PBXFileReference; lastKnownFileType = wrapper.xcdatamodel; path = testing1.xcdatamodel; sourceTree = "<group>"; };
		BD3341A9257601980048E5B2 /* Assets.xcassets */ = {isa = PBXFileReference; lastKnownFileType = folder.assetcatalog; path = Assets.xcassets; sourceTree = "<group>"; };
		BD3341AC257601980048E5B2 /* Base */ = {isa = PBXFileReference; lastKnownFileType = file.storyboard; name = Base; path = Base.lproj/LaunchScreen.storyboard; sourceTree = "<group>"; };
		BD3341AE257601980048E5B2 /* Info.plist */ = {isa = PBXFileReference; lastKnownFileType = text.plist.xml; path = Info.plist; sourceTree = "<group>"; };
		BD3341B3257601980048E5B2 /* testing1Tests.xctest */ = {isa = PBXFileReference; explicitFileType = wrapper.cfbundle; includeInIndex = 0; path = testing1Tests.xctest; sourceTree = BUILT_PRODUCTS_DIR; };
		BD3341BE257601980048E5B2 /* testing1UITests.xctest */ = {isa = PBXFileReference; explicitFileType = wrapper.cfbundle; includeInIndex = 0; path = testing1UITests.xctest; sourceTree = BUILT_PRODUCTS_DIR; };
/* End PBXFileReference section */

/* Begin PBXFrameworksBuildPhase section */
		BD334197257601960048E5B2 /* Frameworks */ = {
			isa = PBXFrameworksBuildPhase;
			buildActionMask = 2147483647;
			files = (
			);
			runOnlyForDeploymentPostprocessing = 0;
		};
		BD3341B0257601980048E5B2 /* Frameworks */ = {
			isa = PBXFrameworksBuildPhase;
			buildActionMask = 2147483647;
			files = (
			);
			runOnlyForDeploymentPostprocessing = 0;
		};
		BD3341BB257601980048E5B2 /* Frameworks */ = {
			isa = PBXFrameworksBuildPhase;
			buildActionMask = 2147483647;
			files = (
			);
			runOnlyForDeploymentPostprocessing = 0;
		};
/* End PBXFrameworksBuildPhase section */

/* Begin PBXGroup section */
		BD334191257601960048E5B2 = {
			isa = PBXGroup;
			children = (
				BD33419C257601960048E5B2 /* testing1 */,
				BD33419B257601960048E5B2 /* Products */,
			);
			sourceTree = "<group>";
		};
		BD33419B257601960048E5B2 /* Products */ = {
			isa = PBXGroup;
			children = (
				BD33419A257601960048E5B2 /* testing1.app */,
				BD3341B3257601980048E5B2 /* testing1Tests.xctest */,
				BD3341BE257601980048E5B2 /* testing1UITests.xctest */,
			);
			name = Products;
			sourceTree = "<group>";
		};
		BD33419C257601960048E5B2 /* testing1 */ = {
			isa = PBXGroup;
			children = (
				BD33419D257601960048E5B2 /* AppDelegate.swift */,
				BD33419F257601960048E5B2 /* SceneDelegate.swift */,
				BD3341A1257601960048E5B2 /* ViewController.swift */,
				BD3341A3257601960048E5B2 /* Main.storyboard */,
				BD3341A9257601980048E5B2 /* Assets.xcassets */,
				BD3341AB257601980048E5B2 /* LaunchScreen.storyboard */,
				BD3341AE257601980048E5B2 /* Info.plist */,
				BD3341A6257601960048E5B2 /* testing1.xcdatamodeld */,
			);
			path = testing1;
			sourceTree = "<group>";
		};
/* End PBXGroup section */

/* Begin PBXNativeTarget section */
		BD334199257601960048E5B2 /* testing1 */ = {
			isa = PBXNativeTarget;
			buildConfigurationList = BD3341C7257601980048E5B2 /* Build configuration list for PBXNativeTarget "testing1" */;
			buildPhases = (
				BD334196257601960048E5B2 /* Sources */,
				BD334197257601960048E5B2 /* Frameworks */,
				BD334198257601960048E5B2 /* Resources */,
			);
			buildRules = (
			);
			dependencies = (
			);
			name = testing1;
			productName = testing1;
			productReference = BD33419A257601960048E5B2 /* testing1.app */;
			productType = "com.apple.product-type.application";
		};
		BD3341B2257601980048E5B2 /* testing1Tests */ = {
			isa = PBXNativeTarget;
			buildConfigurationList = BD3341CA257601980048E5B2 /* Build configuration list for PBXNativeTarget "testing1Tests" */;
			buildPhases = (
				BD3341AF257601980048E5B2 /* Sources */,
				BD3341B0257601980048E5B2 /* Frameworks */,
				BD3341B1257601980048E5B2 /* Resources */,
			);
			buildRules = (
			);
			dependencies = (
				BD3341B5257601980048E5B2 /* PBXTargetDependency */,
			);
			name = testing1Tests;
			productName = testing1Tests;
			productReference = BD3341B3257601980048E5B2 /* testing1Tests.xctest */;
			productType = "com.apple.product-type.bundle.unit-test";
		};
		BD3341BD257601980048E5B2 /* testing1UITests */ = {
			isa = PBXNativeTarget;
			buildConfigurationList = BD3341CD257601980048E5B2 /* Build configuration list for PBXNativeTarget "testing1UITests" */;
			buildPhases = (
				BD3341BA257601980048E5B2 /* Sources */,
				BD3341BB257601980048E5B2 /* Frameworks */,
				BD3341BC257601980048E5B2 /* Resources */,
			);
			buildRules = (
			);
			dependencies = (
				BD3341C0257601980048E5B2 /* PBXTargetDependency */,
			);
			name = testing1UITests;
			productName = testing1UITests;
			productReference = BD3341BE257601980048E5B2 /* testing1UITests.xctest */;
			productType = "com.apple.product-type.bundle.ui-testing";
		};
/* End PBXNativeTarget section */

/* Begin PBXProject section */
		BD334192257601960048E5B2 /* Project object */ = {
			isa = PBXProject;
			attributes = {
				LastSwiftUpdateCheck = 1170;
				LastUpgradeCheck = 1170;
				ORGANIZATIONNAME = "Alex Chen";
				TargetAttributes = {
					BD334199257601960048E5B2 = {
						CreatedOnToolsVersion = 11.7;
					};
					BD3341B2257601980048E5B2 = {
						CreatedOnToolsVersion = 11.7;
						TestTargetID = BD334199257601960048E5B2;
					};
					BD3341BD257601980048E5B2 = {
						CreatedOnToolsVersion = 11.7;
						TestTargetID = BD334199257601960048E5B2;
					};
				};
			};
			buildConfigurationList = BD334195257601960048E5B2 /* Build configuration list for PBXProject "testing1" */;
			compatibilityVersion = "Xcode 9.3";
			developmentRegion = en;
			hasScannedForEncodings = 0;
			knownRegions = (
				en,
				Base,
			);
			mainGroup = BD334191257601960048E5B2;
			productRefGroup = BD33419B257601960048E5B2 /* Products */;
			projectDirPath = "";
			projectRoot = "";
			targets = (
				BD334199257601960048E5B2 /* testing1 */,
				BD3341B2257601980048E5B2 /* testing1Tests */,
				BD3341BD257601980048E5B2 /* testing1UITests */,
			);
		};
/* End PBXProject section */

/* Begin PBXResourcesBuildPhase section */
		BD334198257601960048E5B2 /* Resources */ = {
			isa = PBXResourcesBuildPhase;
			buildActionMask = 2147483647;
			files = (
				BD3341AD257601980048E5B2 /* LaunchScreen.storyboard in Resources */,
				BD3341AA257601980048E5B2 /* Assets.xcassets in Resources */,
				BD3341A5257601960048E5B2 /* Main.storyboard in Resources */,
			);
			runOnlyForDeploymentPostprocessing = 0;
		};
		BD3341B1257601980048E5B2 /* Resources */ = {
			isa = PBXResourcesBuildPhase;
			buildActionMask = 2147483647;
			files = (
			);
			runOnlyForDeploymentPostprocessing = 0;
		};
		BD3341BC257601980048E5B2 /* Resources */ = {
			isa = PBXResourcesBuildPhase;
			buildActionMask = 2147483647;
			files = (
			);
			runOnlyForDeploymentPostprocessing = 0;
		};
/* End PBXResourcesBuildPhase section */

/* Begin PBXSourcesBuildPhase section */
		BD334196257601960048E5B2 /* Sources */ = {
			isa = PBXSourcesBuildPhase;
			buildActionMask = 2147483647;
			files = (
				BD3341A8257601960048E5B2 /* testing1.xcdatamodeld in Sources */,
				BD3341A2257601960048E5B2 /* ViewController.swift in Sources */,
				BD33419E257601960048E5B2 /* AppDelegate.swift in Sources */,
				BD3341A0257601960048E5B2 /* SceneDelegate.swift in Sources */,
			);
			runOnlyForDeploymentPostprocessing = 0;
		};
		BD3341AF257601980048E5B2 /* Sources */ = {
			isa = PBXSourcesBuildPhase;
			buildActionMask = 2147483647;
			files = (
			);
			runOnlyForDeploymentPostprocessing = 0;
		};
		BD3341BA257601980048E5B2 /* Sources */ = {
			isa = PBXSourcesBuildPhase;
			buildActionMask = 2147483647;
			files = (
			);
			runOnlyForDeploymentPostprocessing = 0;
		};
/* End PBXSourcesBuildPhase section */

/* Begin PBXTargetDependency section */
		BD3341B5257601980048E5B2 /* PBXTargetDependency */ = {
			isa = PBXTargetDependency;
			target = BD334199257601960048E5B2 /* testing1 */;
			targetProxy = BD3341B4257601980048E5B2 /* PBXContainerItemProxy */;
		};
		BD3341C0257601980048E5B2 /* PBXTargetDependency */ = {
			isa = PBXTargetDependency;
			target = BD334199257601960048E5B2 /* testing1 */;
			targetProxy = BD3341BF257601980048E5B2 /* PBXContainerItemProxy */;
		};
/* End PBXTargetDependency section */

/* Begin PBXVariantGroup section */
		BD3341A3257601960048E5B2 /* Main.storyboard */ = {
			isa = PBXVariantGroup;
			children = (
				BD3341A4257601960048E5B2 /* Base */,
			);
			name = Main.storyboard;
			sourceTree = "<group>";
		};
		BD3341AB257601980048E5B2 /* LaunchScreen.storyboard */ = {
			isa = PBXVariantGroup;
			children = (
				BD3341AC257601980048E5B2 /* Base */,
			);
			name = LaunchScreen.storyboard;
			sourceTree = "<group>";
		};
/* End PBXVariantGroup section */

/* Begin XCBuildConfiguration section */
		BD3341C5257601980048E5B2 /* Debug */ = {
			isa = XCBuildConfiguration;
			buildSettings = {
				ALWAYS_SEARCH_USER_PATHS = NO;
				CLANG_ANALYZER_NONNULL = YES;
				CLANG_ANALYZER_NUMBER_OBJECT_CONVERSION = YES_AGGRESSIVE;
				CLANG_CXX_LANGUAGE_STANDARD = "gnu++14";
				CLANG_CXX_LIBRARY = "libc++";
				CLANG_ENABLE_MODULES = YES;
				CLANG_ENABLE_OBJC_ARC = YES;
				CLANG_ENABLE_OBJC_WEAK = YES;
				CLANG_WARN_BLOCK_CAPTURE_AUTORELEASING = YES;
				CLANG_WARN_BOOL_CONVERSION = YES;
				CLANG_WARN_COMMA = YES;
				CLANG_WARN_CONSTANT_CONVERSION = YES;
				CLANG_WARN_DEPRECATED_OBJC_IMPLEMENTATIONS = YES;
				CLANG_WARN_DIRECT_OBJC_ISA_USAGE = YES_ERROR;
				CLANG_WARN_DOCUMENTATION_COMMENTS = YES;
				CLANG_WARN_EMPTY_BODY = YES;
				CLANG_WARN_ENUM_CONVERSION = YES;
				CLANG_WARN_INFINITE_RECURSION = YES;
				CLANG_WARN_INT_CONVERSION = YES;
				CLANG_WARN_NON_LITERAL_NULL_CONVERSION = YES;
				CLANG_WARN_OBJC_IMPLICIT_RETAIN_SELF = YES;
				CLANG_WARN_OBJC_LITERAL_CONVERSION = YES;
				CLANG_WARN_OBJC_ROOT_CLASS = YES_ERROR;
				CLANG_WARN_RANGE_LOOP_ANALYSIS = YES;
				CLANG_WARN_STRICT_PROTOTYPES = YES;
				CLANG_WARN_SUSPICIOUS_MOVE = YES;
				CLANG_WARN_UNGUARDED_AVAILABILITY = YES_AGGRESSIVE;
				CLANG_WARN_UNREACHABLE_CODE = YES;
				CLANG_WARN__DUPLICATE_METHOD_MATCH = YES;
				COPY_PHASE_STRIP = NO;
				DEBUG_INFORMATION_FORMAT = dwarf;
				ENABLE_STRICT_OBJC_MSGSEND = YES;
				ENABLE_TESTABILITY = YES;
				GCC_C_LANGUAGE_STANDARD = gnu11;
				GCC_DYNAMIC_NO_PIC = NO;
				GCC_NO_COMMON_BLOCKS = YES;
				GCC_OPTIMIZATION_LEVEL = 0;
				GCC_PREPROCESSOR_DEFINITIONS = (
					"DEBUG=1",
					"$(inherited)",
				);
				GCC_WARN_64_TO_32_BIT_CONVERSION = YES;
				GCC_WARN_ABOUT_RETURN_TYPE = YES_ERROR;
				GCC_WARN_UNDECLARED_SELECTOR = YES;
				GCC_WARN_UNINITIALIZED_AUTOS = YES_AGGRESSIVE;
				GCC_WARN_UNUSED_FUNCTION = YES;
				GCC_WARN_UNUSED_VARIABLE = YES;
				IPHONEOS_DEPLOYMENT_TARGET = 14.0;
				MTL_ENABLE_DEBUG_INFO = INCLUDE_SOURCE;
				MTL_FAST_MATH = YES;
				ONLY_ACTIVE_ARCH = YES;
				SDKROOT = iphoneos;
				SWIFT_ACTIVE_COMPILATION_CONDITIONS = DEBUG;
				SWIFT_OPTIMIZATION_LEVEL = "-Onone";
			};
			name = Debug;
		};
		BD3341C6257601980048E5B2 /* Release */ = {
			isa = XCBuildConfiguration;
			buildSettings = {
				ALWAYS_SEARCH_USER_PATHS = NO;
				CLANG_ANALYZER_NONNULL = YES;
				CLANG_ANALYZER_NUMBER_OBJECT_CONVERSION = YES_AGGRESSIVE;
				CLANG_CXX_LANGUAGE_STANDARD = "gnu++14";
				CLANG_CXX_LIBRARY = "libc++";
				CLANG_ENABLE_MODULES = YES;
				CLANG_ENABLE_OBJC_ARC = YES;
				CLANG_ENABLE_OBJC_WEAK = YES;
				CLANG_WARN_BLOCK_CAPTURE_AUTORELEASING = YES;
				CLANG_WARN_BOOL_CONVERSION = YES;
				CLANG_WARN_COMMA = YES;
				CLANG_WARN_CONSTANT_CONVERSION = YES;
				CLANG_WARN_DEPRECATED_OBJC_IMPLEMENTATIONS = YES;
				CLANG_WARN_DIRECT_OBJC_ISA_USAGE = YES_ERROR;
				CLANG_WARN_DOCUMENTATION_COMMENTS = YES;
				CLANG_WARN_EMPTY_BODY = YES;
				CLANG_WARN_ENUM_CONVERSION = YES;
				CLANG_WARN_INFINITE_RECURSION = YES;
				CLANG_WARN_INT_CONVERSION = YES;
				CLANG_WARN_NON_LITERAL_NULL_CONVERSION = YES;
				CLANG_WARN_OBJC_IMPLICIT_RETAIN_SELF = YES;
				CLANG_WARN_OBJC_LITERAL_CONVERSION = YES;
				CLANG_WARN_OBJC_ROOT_CLASS = YES_ERROR;
				CLANG_WARN_RANGE_LOOP_ANALYSIS = YES;
				CLANG_WARN_STRICT_PROTOTYPES = YES;
				CLANG_WARN_SUSPICIOUS_MOVE = YES;
				CLANG_WARN_UNGUARDED_AVAILABILITY = YES_AGGRESSIVE;
				CLANG_WARN_UNREACHABLE_CODE = YES;
				CLANG_WARN__DUPLICATE_METHOD_MATCH = YES;
				COPY_PHASE_STRIP = NO;
				DEBUG_INFORMATION_FORMAT = "dwarf-with-dsym";
				ENABLE_NS_ASSERTIONS = NO;
				ENABLE_STRICT_OBJC_MSGSEND = YES;
				GCC_C_LANGUAGE_STANDARD = gnu11;
				GCC_NO_COMMON_BLOCKS = YES;
				GCC_WARN_64_TO_32_BIT_CONVERSION = YES;
				GCC_WARN_ABOUT_RETURN_TYPE = YES_ERROR;
				GCC_WARN_UNDECLARED_SELECTOR = YES;
				GCC_WARN_UNINITIALIZED_AUTOS = YES_AGGRESSIVE;
				GCC_WARN_UNUSED_FUNCTION = YES;
				GCC_WARN_UNUSED_VARIABLE = YES;
				IPHONEOS_DEPLOYMENT_TARGET = 14.0;
				MTL_ENABLE_DEBUG_INFO = NO;
				MTL_FAST_MATH = YES;
				SDKROOT = iphoneos;
				SWIFT_COMPILATION_MODE = wholemodule;
				SWIFT_OPTIMIZATION_LEVEL = "-O";
				VALIDATE_PRODUCT = YES;
			};
			name = Release;
		};
		BD3341C8257601980048E5B2 /* Debug */ = {
			isa = XCBuildConfiguration;
			buildSettings = {
				ASSETCATALOG_COMPILER_APPICON_NAME = AppIcon;
				CODE_SIGN_STYLE = Automatic;
				CURRENT_PROJECT_VERSION = 0510;
				DEVELOPMENT_TEAM = MQ2FBP54N5;
				INFOPLIST_FILE = testing1/Info.plist;
				IPHONEOS_DEPLOYMENT_TARGET = 14.0;
				LD_RUNPATH_SEARCH_PATHS = (
					"$(inherited)",
					"@executable_path/Frameworks",
				);
				MARKETING_VERSION = 1.2;
				PRODUCT_BUNDLE_IDENTIFIER = com.acddev.bngAppFS;
				PRODUCT_NAME = "$(TARGET_NAME)";
				SWIFT_SWIFT3_OBJC_INFERENCE = Default;
				SWIFT_VERSION = 5.0;
				TARGETED_DEVICE_FAMILY = 1;
			};
			name = Debug;
		};
		BD3341C9257601980048E5B2 /* Release */ = {
			isa = XCBuildConfiguration;
			buildSettings = {
				ASSETCATALOG_COMPILER_APPICON_NAME = AppIcon;
				CODE_SIGN_STYLE = Automatic;
				CURRENT_PROJECT_VERSION = 0510;
				DEVELOPMENT_TEAM = MQ2FBP54N5;
				INFOPLIST_FILE = testing1/Info.plist;
				IPHONEOS_DEPLOYMENT_TARGET = 14.0;
				LD_RUNPATH_SEARCH_PATHS = (
					"$(inherited)",
					"@executable_path/Frameworks",
				);
				MARKETING_VERSION = 1.2;
				PRODUCT_BUNDLE_IDENTIFIER = com.acddev.bngAppFS;
				PRODUCT_NAME = "$(TARGET_NAME)";
				SWIFT_SWIFT3_OBJC_INFERENCE = Default;
				SWIFT_VERSION = 5.0;
				TARGETED_DEVICE_FAMILY = 1;
			};
			name = Release;
		};
		BD3341CB257601980048E5B2 /* Debug */ = {
			isa = XCBuildConfiguration;
			buildSettings = {
				ALWAYS_EMBED_SWIFT_STANDARD_LIBRARIES = YES;
				BUNDLE_LOADER = "$(TEST_HOST)";
				CODE_SIGN_STYLE = Automatic;
				DEVELOPMENT_TEAM = SVKQB886QC;
				INFOPLIST_FILE = testing1Tests/Info.plist;
				IPHONEOS_DEPLOYMENT_TARGET = 13.7;
				LD_RUNPATH_SEARCH_PATHS = (
					"$(inherited)",
					"@executable_path/Frameworks",
					"@loader_path/Frameworks",
				);
				PRODUCT_BUNDLE_IDENTIFIER = yeeeeha.testing1Tests;
				PRODUCT_NAME = "$(TARGET_NAME)";
				SWIFT_VERSION = 5.0;
				TARGETED_DEVICE_FAMILY = "1,2";
				TEST_HOST = "$(BUILT_PRODUCTS_DIR)/testing1.app/testing1";
			};
			name = Debug;
		};
		BD3341CC257601980048E5B2 /* Release */ = {
			isa = XCBuildConfiguration;
			buildSettings = {
				ALWAYS_EMBED_SWIFT_STANDARD_LIBRARIES = YES;
				BUNDLE_LOADER = "$(TEST_HOST)";
				CODE_SIGN_STYLE = Automatic;
				DEVELOPMENT_TEAM = SVKQB886QC;
				INFOPLIST_FILE = testing1Tests/Info.plist;
				IPHONEOS_DEPLOYMENT_TARGET = 13.7;
				LD_RUNPATH_SEARCH_PATHS = (
					"$(inherited)",
					"@executable_path/Frameworks",
					"@loader_path/Frameworks",
				);
				PRODUCT_BUNDLE_IDENTIFIER = yeeeeha.testing1Tests;
				PRODUCT_NAME = "$(TARGET_NAME)";
				SWIFT_VERSION = 5.0;
				TARGETED_DEVICE_FAMILY = "1,2";
				TEST_HOST = "$(BUILT_PRODUCTS_DIR)/testing1.app/testing1";
			};
			name = Release;
		};
		BD3341CE257601980048E5B2 /* Debug */ = {
			isa = XCBuildConfiguration;
			buildSettings = {
				ALWAYS_EMBED_SWIFT_STANDARD_LIBRARIES = YES;
				CODE_SIGN_STYLE = Automatic;
				DEVELOPMENT_TEAM = SVKQB886QC;
				INFOPLIST_FILE = testing1UITests/Info.plist;
				LD_RUNPATH_SEARCH_PATHS = (
					"$(inherited)",
					"@executable_path/Frameworks",
					"@loader_path/Frameworks",
				);
				PRODUCT_BUNDLE_IDENTIFIER = yeeeeha.testing1UITests;
				PRODUCT_NAME = "$(TARGET_NAME)";
				SWIFT_VERSION = 5.0;
				TARGETED_DEVICE_FAMILY = "1,2";
				TEST_TARGET_NAME = testing1;
			};
			name = Debug;
		};
		BD3341CF257601980048E5B2 /* Release */ = {
			isa = XCBuildConfiguration;
			buildSettings = {
				ALWAYS_EMBED_SWIFT_STANDARD_LIBRARIES = YES;
				CODE_SIGN_STYLE = Automatic;
				DEVELOPMENT_TEAM = SVKQB886QC;
				INFOPLIST_FILE = testing1UITests/Info.plist;
				LD_RUNPATH_SEARCH_PATHS = (
					"$(inherited)",
					"@executable_path/Frameworks",
					"@loader_path/Frameworks",
				);
				PRODUCT_BUNDLE_IDENTIFIER = yeeeeha.testing1UITests;
				PRODUCT_NAME = "$(TARGET_NAME)";
				SWIFT_VERSION = 5.0;
				TARGETED_DEVICE_FAMILY = "1,2";
				TEST_TARGET_NAME = testing1;
			};
			name = Release;
		};
/* End XCBuildConfiguration section */

/* Begin XCConfigurationList section */
		BD334195257601960048E5B2 /* Build configuration list for PBXProject "testing1" */ = {
			isa = XCConfigurationList;
			buildConfigurations = (
				BD3341C5257601980048E5B2 /* Debug */,
				BD3341C6257601980048E5B2 /* Release */,
			);
			defaultConfigurationIsVisible = 0;
			defaultConfigurationName = Release;
		};
		BD3341C7257601980048E5B2 /* Build configuration list for PBXNativeTarget "testing1" */ = {
			isa = XCConfigurationList;
			buildConfigurations = (
				BD3341C8257601980048E5B2 /* Debug */,
				BD3341C9257601980048E5B2 /* Release */,
			);
			defaultConfigurationIsVisible = 0;
			defaultConfigurationName = Release;
		};
		BD3341CA257601980048E5B2 /* Build configuration list for PBXNativeTarget "testing1Tests" */ = {
			isa = XCConfigurationList;
			buildConfigurations = (
				BD3341CB257601980048E5B2 /* Debug */,
				BD3341CC257601980048E5B2 /* Release */,
			);
			defaultConfigurationIsVisible = 0;
			defaultConfigurationName = Release;
		};
		BD3341CD257601980048E5B2 /* Build configuration list for PBXNativeTarget "testing1UITests" */ = {
			isa = XCConfigurationList;
			buildConfigurations = (
				BD3341CE257601980048E5B2 /* Debug */,
				BD3341CF257601980048E5B2 /* Release */,
			);
			defaultConfigurationIsVisible = 0;
			defaultConfigurationName = Release;
		};
/* End XCConfigurationList section */

/* Begin XCVersionGroup section */
		BD3341A6257601960048E5B2 /* testing1.xcdatamodeld */ = {
			isa = XCVersionGroup;
			children = (
				BD3341A7257601960048E5B2 /* testing1.xcdatamodel */,
			);
			currentVersion = BD3341A7257601960048E5B2 /* testing1.xcdatamodel */;
			path = testing1.xcdatamodeld;
			sourceTree = "<group>";
			versionGroupType = wrapper.xcdatamodel;
		};
/* End XCVersionGroup section */
	};
	rootObject = BD334192257601960048E5B2 /* Project object */;
}
